
Microsoft Visual Studio Solution File, Format Version 12.00
# Visual Studio Version 16
VisualStudioVersion = 16.0.29403.142
MinimumVisualStudioVersion = 10.0.40219.1
Project("{9A19103F-16F7-4668-BE54-9A1E7A4F7556}") = "FinancialTrackerApi", "FinancialTrackerApi.csproj", "{227444FF-3859-4ED0-8E73-FE305CC38BD0}"
EndProject
Global
	GlobalSection(SolutionConfigurationPlatforms) = preSolution
		Debug|Any CPU = Debug|Any CPU
		Release|Any CPU = Release|Any CPU
	EndGlobalSection
	GlobalSection(ProjectConfigurationPlatforms) = postSolution
		{227444FF-3859-4ED0-8E73-FE305CC38BD0}.Debug|Any CPU.ActiveCfg = Debug|Any CPU
		{227444FF-3859-4ED0-8E73-FE305CC38BD0}.Debug|Any CPU.Build.0 = Debug|Any CPU
		{227444FF-3859-4ED0-8E73-FE305CC38BD0}.Release|Any CPU.ActiveCfg = Release|Any CPU
		{227444FF-3859-4ED0-8E73-FE305CC38BD0}.Release|Any CPU.Build.0 = Release|Any CPU
	EndGlobalSection
	GlobalSection(SolutionProperties) = preSolution
		HideSolutionNode = FALSE
	EndGlobalSection
	GlobalSection(ExtensibilityGlobals) = postSolution
		SolutionGuid = {7F2B6F80-0F12-4CE8-9C00-51893F3676D4}
	EndGlobalSection
EndGlobal
